
Microsoft Visual Studio Solution File, Format Version 12.00
# Visual Studio Version 17
VisualStudioVersion = 17.2.32616.157
MinimumVisualStudioVersion = 10.0.40219.1
Project("{FAE04EC0-301F-11D3-BF4B-00C04F79EFBC}") = "IG.TestStefanini.Business", "src\IG.TestStefanini.Business\IG.TestStefanini.Business.csproj", "{0EA423F1-1F8B-4E6C-A0A4-568DA1F2DA87}"
EndProject
Project("{FAE04EC0-301F-11D3-BF4B-00C04F79EFBC}") = "IG.TestStefanini.Data", "src\IG.TestStefanini.Data\IG.TestStefanini.Data.csproj", "{931AE983-A3B2-429D-A2A9-E57B664A1CBC}"
EndProject
Project("{FAE04EC0-301F-11D3-BF4B-00C04F79EFBC}") = "IG.TestStefanini.Api", "src\IG.TestStefanini.Api\IG.TestStefanini.Api.csproj", "{BF1F202C-D029-4336-A3C5-20188D41946C}"
EndProject
Global
	GlobalSection(SolutionConfigurationPlatforms) = preSolution
		Debug|Any CPU = Debug|Any CPU
		Release|Any CPU = Release|Any CPU
	EndGlobalSection
	GlobalSection(ProjectConfigurationPlatforms) = postSolution
		{0EA423F1-1F8B-4E6C-A0A4-568DA1F2DA87}.Debug|Any CPU.ActiveCfg = Debug|Any CPU
		{0EA423F1-1F8B-4E6C-A0A4-568DA1F2DA87}.Debug|Any CPU.Build.0 = Debug|Any CPU
		{0EA423F1-1F8B-4E6C-A0A4-568DA1F2DA87}.Release|Any CPU.ActiveCfg = Release|Any CPU
		{0EA423F1-1F8B-4E6C-A0A4-568DA1F2DA87}.Release|Any CPU.Build.0 = Release|Any CPU
		{931AE983-A3B2-429D-A2A9-E57B664A1CBC}.Debug|Any CPU.ActiveCfg = Debug|Any CPU
		{931AE983-A3B2-429D-A2A9-E57B664A1CBC}.Debug|Any CPU.Build.0 = Debug|Any CPU
		{931AE983-A3B2-429D-A2A9-E57B664A1CBC}.Release|Any CPU.ActiveCfg = Release|Any CPU
		{931AE983-A3B2-429D-A2A9-E57B664A1CBC}.Release|Any CPU.Build.0 = Release|Any CPU
		{BF1F202C-D029-4336-A3C5-20188D41946C}.Debug|Any CPU.ActiveCfg = Debug|Any CPU
		{BF1F202C-D029-4336-A3C5-20188D41946C}.Debug|Any CPU.Build.0 = Debug|Any CPU
		{BF1F202C-D029-4336-A3C5-20188D41946C}.Release|Any CPU.ActiveCfg = Release|Any CPU
		{BF1F202C-D029-4336-A3C5-20188D41946C}.Release|Any CPU.Build.0 = Release|Any CPU
	EndGlobalSection
	GlobalSection(SolutionProperties) = preSolution
		HideSolutionNode = FALSE
	EndGlobalSection
	GlobalSection(ExtensibilityGlobals) = postSolution
		SolutionGuid = {91DECCCF-0F11-424F-A039-A1ED159B70AA}
	EndGlobalSection
EndGlobal
